
Microsoft Visual Studio Solution File, Format Version 12.00
# Visual Studio 14
VisualStudioVersion = 14.0.25420.1
MinimumVisualStudioVersion = 10.0.40219.1
Project("{FAE04EC0-301F-11D3-BF4B-00C04F79EFBC}") = "BR.ConnectedIoT.DataSampler", "AMAT.ConnectedIoT.CryoDataSampler\BR.ConnectedIoT.DataSampler.csproj", "{EE946548-6551-4AD4-9304-0896DF34C454}"
EndProject
Project("{54435603-DBB4-11D2-8724-00A0C9A8B90C}") = "Installer", "Installer\Installer.vdproj", "{4ADA8ED0-08D7-4E80-9053-330E14FED6E3}"
EndProject
Global
	GlobalSection(SolutionConfigurationPlatforms) = preSolution
		Debug|Any CPU = Debug|Any CPU
		Release|Any CPU = Release|Any CPU
	EndGlobalSection
	GlobalSection(ProjectConfigurationPlatforms) = postSolution
		{EE946548-6551-4AD4-9304-0896DF34C454}.Debug|Any CPU.ActiveCfg = Debug|Any CPU
		{EE946548-6551-4AD4-9304-0896DF34C454}.Debug|Any CPU.Build.0 = Debug|Any CPU
		{EE946548-6551-4AD4-9304-0896DF34C454}.Release|Any CPU.ActiveCfg = Release|Any CPU
		{EE946548-6551-4AD4-9304-0896DF34C454}.Release|Any CPU.Build.0 = Release|Any CPU
		{4ADA8ED0-08D7-4E80-9053-330E14FED6E3}.Debug|Any CPU.ActiveCfg = Debug
		{4ADA8ED0-08D7-4E80-9053-330E14FED6E3}.Release|Any CPU.ActiveCfg = Release
	EndGlobalSection
	GlobalSection(SolutionProperties) = preSolution
		HideSolutionNode = FALSE
	EndGlobalSection
	GlobalSection(ExtensibilityGlobals) = postSolution
		EnterpriseLibraryConfigurationToolBinariesPathV6 = packages\EnterpriseLibrary.TransientFaultHandling.6.0.1304.0\lib\portable-net45+win+wp8
	EndGlobalSection
EndGlobal
